
Microsoft Visual Studio Solution File, Format Version 12.00
# Visual Studio Version 17
VisualStudioVersion = 17.14.36327.8 d17.14
MinimumVisualStudioVersion = 10.0.40219.1
Project("{FAE04EC0-301F-11D3-BF4B-00C04F79EFBC}") = "CalculadoraIMC", "CalculadoraIMC\CalculadoraIMC.csproj", "{840DE92E-0666-43E8-90D3-D9141908BA59}"
EndProject
Global
	GlobalSection(SolutionConfigurationPlatforms) = preSolution
		Debug|Any CPU = Debug|Any CPU
		Release|Any CPU = Release|Any CPU
	EndGlobalSection
	GlobalSection(ProjectConfigurationPlatforms) = postSolution
		{840DE92E-0666-43E8-90D3-D9141908BA59}.Debug|Any CPU.ActiveCfg = Debug|Any CPU
		{840DE92E-0666-43E8-90D3-D9141908BA59}.Debug|Any CPU.Build.0 = Debug|Any CPU
		{840DE92E-0666-43E8-90D3-D9141908BA59}.Release|Any CPU.ActiveCfg = Release|Any CPU
		{840DE92E-0666-43E8-90D3-D9141908BA59}.Release|Any CPU.Build.0 = Release|Any CPU
	EndGlobalSection
	GlobalSection(SolutionProperties) = preSolution
		HideSolutionNode = FALSE
	EndGlobalSection
	GlobalSection(ExtensibilityGlobals) = postSolution
		SolutionGuid = {7D519015-05BF-46E9-9E40-073405C4B087}
	EndGlobalSection
EndGlobal
